
Microsoft Visual Studio Solution File, Format Version 12.00
# Visual Studio Version 17
VisualStudioVersion = 17.4.33213.308
MinimumVisualStudioVersion = 10.0.40219.1
Project("{FAE04EC0-301F-11D3-BF4B-00C04F79EFBC}") = "SignalR_Client_Example", "SignalR_Client_Example.csproj", "{C088ECA8-EE05-43FB-B35A-7AC6E52648B0}"
EndProject
Global
	GlobalSection(SolutionConfigurationPlatforms) = preSolution
		Debug|Any CPU = Debug|Any CPU
		Release|Any CPU = Release|Any CPU
	EndGlobalSection
	GlobalSection(ProjectConfigurationPlatforms) = postSolution
		{C088ECA8-EE05-43FB-B35A-7AC6E52648B0}.Debug|Any CPU.ActiveCfg = Debug|Any CPU
		{C088ECA8-EE05-43FB-B35A-7AC6E52648B0}.Debug|Any CPU.Build.0 = Debug|Any CPU
		{C088ECA8-EE05-43FB-B35A-7AC6E52648B0}.Release|Any CPU.ActiveCfg = Release|Any CPU
		{C088ECA8-EE05-43FB-B35A-7AC6E52648B0}.Release|Any CPU.Build.0 = Release|Any CPU
	EndGlobalSection
	GlobalSection(SolutionProperties) = preSolution
		HideSolutionNode = FALSE
	EndGlobalSection
	GlobalSection(ExtensibilityGlobals) = postSolution
		SolutionGuid = {248DB9EE-7D3C-4900-BCC4-9F2D08FE307B}
	EndGlobalSection
EndGlobal
